
Microsoft Visual Studio Solution File, Format Version 12.00
# Visual Studio Version 17
VisualStudioVersion = 17.1.32228.430
MinimumVisualStudioVersion = 10.0.40219.1
Project("{FAE04EC0-301F-11D3-BF4B-00C04F79EFBC}") = "BlazorApp2", "BlazorApp2\BlazorApp2.csproj", "{04FEDF74-B931-475E-B93C-8619F5285F85}"
EndProject
Global
	GlobalSection(SolutionConfigurationPlatforms) = preSolution
		Debug|Any CPU = Debug|Any CPU
		Release|Any CPU = Release|Any CPU
	EndGlobalSection
	GlobalSection(ProjectConfigurationPlatforms) = postSolution
		{04FEDF74-B931-475E-B93C-8619F5285F85}.Debug|Any CPU.ActiveCfg = Debug|Any CPU
		{04FEDF74-B931-475E-B93C-8619F5285F85}.Debug|Any CPU.Build.0 = Debug|Any CPU
		{04FEDF74-B931-475E-B93C-8619F5285F85}.Release|Any CPU.ActiveCfg = Release|Any CPU
		{04FEDF74-B931-475E-B93C-8619F5285F85}.Release|Any CPU.Build.0 = Release|Any CPU
	EndGlobalSection
	GlobalSection(SolutionProperties) = preSolution
		HideSolutionNode = FALSE
	EndGlobalSection
	GlobalSection(ExtensibilityGlobals) = postSolution
		SolutionGuid = {8F620BBC-7368-4E66-ABE4-F2F4A0740CF3}
	EndGlobalSection
EndGlobal
